
Microsoft Visual Studio Solution File, Format Version 12.00
# Visual Studio 15
VisualStudioVersion = 15.0.28307.1622
MinimumVisualStudioVersion = 10.0.40219.1
Project("{FAE04EC0-301F-11D3-BF4B-00C04F79EFBC}") = "Thunghiem1", "Thunghiem1\Thunghiem1.csproj", "{7510ACE9-D5E9-49AD-913D-A5B8D88A59A1}"
EndProject
Global
	GlobalSection(SolutionConfigurationPlatforms) = preSolution
		Debug|Any CPU = Debug|Any CPU
		Release|Any CPU = Release|Any CPU
	EndGlobalSection
	GlobalSection(ProjectConfigurationPlatforms) = postSolution
		{7510ACE9-D5E9-49AD-913D-A5B8D88A59A1}.Debug|Any CPU.ActiveCfg = Debug|Any CPU
		{7510ACE9-D5E9-49AD-913D-A5B8D88A59A1}.Debug|Any CPU.Build.0 = Debug|Any CPU
		{7510ACE9-D5E9-49AD-913D-A5B8D88A59A1}.Release|Any CPU.ActiveCfg = Release|Any CPU
		{7510ACE9-D5E9-49AD-913D-A5B8D88A59A1}.Release|Any CPU.Build.0 = Release|Any CPU
	EndGlobalSection
	GlobalSection(SolutionProperties) = preSolution
		HideSolutionNode = FALSE
	EndGlobalSection
	GlobalSection(ExtensibilityGlobals) = postSolution
		SolutionGuid = {4DDD4F09-2A88-403B-971F-2836450140EC}
	EndGlobalSection
EndGlobal
